<?xml version="1.0" encoding="utf-8"?>
<Project ToolsVersion="4.0" xmlns="http://schemas.microsoft.com/developer/msbuild/2003">
  <ItemGroup>
    <Filter Include="Source files">
      <UniqueIdentifier>{118fc03a-cb77-4a8b-847f-7a8d52db1792}</UniqueIdentifier>
      <Extensions>cpp;c;cc;cxx;def;odl;idl;hpj;bat;asm;asmx</Extensions>
    </Filter>
    <Filter Include="Header files">
      <UniqueIdentifier>{b9b79a60-6b79-4318-8fe2-24d49b04f284}</UniqueIdentifier>
      <Extensions>h;hpp;hxx;hm;inl;inc;xsd</Extensions>
    </Filter>
    <Filter Include="Resource files">
      <UniqueIdentifier>{504dd4f6-26db-4479-80bf-ca2f9bee07a9}</UniqueIdentifier>
      <Extensions>rc;ico;cur;bmp;dlg;rc2;rct;bin;rgs;gif;jpg;jpeg;jpe;resx;tiff;tif;png;wav</Extensions>
    </Filter>
    <Filter Include="Source files\config">
      <UniqueIdentifier>{23bd9882-3f9d-4ac9-bec6-13cc99dd7a4d}</UniqueIdentifier>
    </Filter>
    <Filter Include="Header files\config">
      <UniqueIdentifier>{9d591263-f1cf-4223-b51f-23bebd0d5b20}</UniqueIdentifier>
    </Filter>
    <Filter Include="Source files\pca10056">
      <UniqueIdentifier>{56086b74-a3d4-41fb-bd60-7761a9966587}</UniqueIdentifier>
    </Filter>
    <Filter Include="Header files\pca10056">
      <UniqueIdentifier>{ffee168a-b437-4271-8f18-19e74928d909}</UniqueIdentifier>
    </Filter>
    <Filter Include="Source files\pca10056\blank">
      <UniqueIdentifier>{c888d0f2-109c-428b-af2c-59ab72083817}</UniqueIdentifier>
    </Filter>
    <Filter Include="Header files\pca10056\blank">
      <UniqueIdentifier>{a8380b01-3c52-4c31-a5d8-0f1ad9c4758a}</UniqueIdentifier>
    </Filter>
    <Filter Include="Source files\pca10056\blank\config">
      <UniqueIdentifier>{6e7506d6-2bed-4170-abb1-fd416ae0b445}</UniqueIdentifier>
    </Filter>
    <Filter Include="Header files\pca10056\blank\config">
      <UniqueIdentifier>{9689cdae-0b9e-458a-b24d-9ddb2f569a11}</UniqueIdentifier>
    </Filter>
    <Filter Include="Source files\Shared sources">
      <UniqueIdentifier>{851cb588-aea8-41b4-974c-8c8aee643a5d}</UniqueIdentifier>
    </Filter>
    <Filter Include="VisualGDB settings">
      <UniqueIdentifier>{d488d29c-e777-4add-badd-d2d7aab4bcb8}</UniqueIdentifier>
      <Extensions>*.vgdbsettings</Extensions>
    </Filter>
    <Filter Include="Source files\Device-specific files">
      <UniqueIdentifier>{05d91485-e9d1-47eb-89dd-cabfa99951d9}</UniqueIdentifier>
    </Filter>
    <Filter Include="Header files\Device-specific files">
      <UniqueIdentifier>{48bb13f4-10fb-4ebc-9dc1-0dccf6bee600}</UniqueIdentifier>
    </Filter>
  </ItemGroup>
  <ItemGroup>
    <ClCompile Include="main.c">
      <Filter>Source files</Filter>
    </ClCompile>
    <ClCompile Include="C:\Users\ilias\AppData\Local\VisualGDB\EmbeddedBSPs\arm-eabi\com.sysprogs.arm.nordic.nrf5x\nRF5x\components\libraries\log\src\nrf_log_backend_serial.c">
      <Filter>Source files\Shared sources</Filter>
    </ClCompile>
    <ClCompile Include="C:\Users\ilias\AppData\Local\VisualGDB\EmbeddedBSPs\arm-eabi\com.sysprogs.arm.nordic.nrf5x\nRF5x\components\libraries\log\src\nrf_log_frontend.c">
      <Filter>Source files\Shared sources</Filter>
    </ClCompile>
    <ClCompile Include="C:\Users\ilias\AppData\Local\VisualGDB\EmbeddedBSPs\arm-eabi\com.sysprogs.arm.nordic.nrf5x\nRF5x\components\boards\boards.c">
      <Filter>Source files\Shared sources</Filter>
    </ClCompile>
    <ClCompile Include="C:\Users\ilias\AppData\Local\VisualGDB\EmbeddedBSPs\arm-eabi\com.sysprogs.arm.nordic.nrf5x\nRF5x\components\libraries\button\app_button.c">
      <Filter>Source files\Shared sources</Filter>
    </ClCompile>
    <ClCompile Include="C:\Users\ilias\AppData\Local\VisualGDB\EmbeddedBSPs\arm-eabi\com.sysprogs.arm.nordic.nrf5x\nRF5x\components\libraries\util\app_error.c">
      <Filter>Source files\Shared sources</Filter>
    </ClCompile>
    <ClCompile Include="C:\Users\ilias\AppData\Local\VisualGDB\EmbeddedBSPs\arm-eabi\com.sysprogs.arm.nordic.nrf5x\nRF5x\components\libraries\util\app_error_weak.c">
      <Filter>Source files\Shared sources</Filter>
    </ClCompile>
    <ClCompile Include="C:\Users\ilias\AppData\Local\VisualGDB\EmbeddedBSPs\arm-eabi\com.sysprogs.arm.nordic.nrf5x\nRF5x\components\libraries\fifo\app_fifo.c">
      <Filter>Source files\Shared sources</Filter>
    </ClCompile>
    <ClCompile Include="C:\Users\ilias\AppData\Local\VisualGDB\EmbeddedBSPs\arm-eabi\com.sysprogs.arm.nordic.nrf5x\nRF5x\components\libraries\scheduler\app_scheduler.c">
      <Filter>Source files\Shared sources</Filter>
    </ClCompile>
    <ClCompile Include="C:\Users\ilias\AppData\Local\VisualGDB\EmbeddedBSPs\arm-eabi\com.sysprogs.arm.nordic.nrf5x\nRF5x\components\libraries\timer\app_timer.c">
      <Filter>Source files\Shared sources</Filter>
    </ClCompile>
    <ClCompile Include="C:\Users\ilias\AppData\Local\VisualGDB\EmbeddedBSPs\arm-eabi\com.sysprogs.arm.nordic.nrf5x\nRF5x\components\libraries\uart\app_uart_fifo.c">
      <Filter>Source files\Shared sources</Filter>
    </ClCompile>
    <ClCompile Include="C:\Users\ilias\AppData\Local\VisualGDB\EmbeddedBSPs\arm-eabi\com.sysprogs.arm.nordic.nrf5x\nRF5x\components\libraries\usbd\class\hid\app_usbd_hid.c">
      <Filter>Source files\Shared sources</Filter>
    </ClCompile>
    <ClCompile Include="C:\Users\ilias\AppData\Local\VisualGDB\EmbeddedBSPs\arm-eabi\com.sysprogs.arm.nordic.nrf5x\nRF5x\components\libraries\usbd\class\hid\generic\app_usbd_hid_generic.c">
      <Filter>Source files\Shared sources</Filter>
    </ClCompile>
    <ClCompile Include="C:\Users\ilias\AppData\Local\VisualGDB\EmbeddedBSPs\arm-eabi\com.sysprogs.arm.nordic.nrf5x\nRF5x\components\libraries\usbd\class\hid\kbd\app_usbd_hid_kbd.c">
      <Filter>Source files\Shared sources</Filter>
    </ClCompile>
    <ClCompile Include="C:\Users\ilias\AppData\Local\VisualGDB\EmbeddedBSPs\arm-eabi\com.sysprogs.arm.nordic.nrf5x\nRF5x\components\libraries\usbd\class\hid\mouse\app_usbd_hid_mouse.c">
      <Filter>Source files\Shared sources</Filter>
    </ClCompile>
    <ClCompile Include="C:\Users\ilias\AppData\Local\VisualGDB\EmbeddedBSPs\arm-eabi\com.sysprogs.arm.nordic.nrf5x\nRF5x\components\libraries\util\app_util_platform.c">
      <Filter>Source files\Shared sources</Filter>
    </ClCompile>
    <ClCompile Include="C:\Users\ilias\AppData\Local\VisualGDB\EmbeddedBSPs\arm-eabi\com.sysprogs.arm.nordic.nrf5x\nRF5x\components\libraries\hardfault\nrf52\handler\hardfault_handler_gcc.c">
      <Filter>Source files\Shared sources</Filter>
    </ClCompile>
    <ClCompile Include="C:\Users\ilias\AppData\Local\VisualGDB\EmbeddedBSPs\arm-eabi\com.sysprogs.arm.nordic.nrf5x\nRF5x\components\libraries\hardfault\hardfault_implementation.c">
      <Filter>Source files\Shared sources</Filter>
    </ClCompile>
    <ClCompile Include="C:\Users\ilias\AppData\Local\VisualGDB\EmbeddedBSPs\arm-eabi\com.sysprogs.arm.nordic.nrf5x\nRF5x\components\libraries\util\nrf_assert.c">
      <Filter>Source files\Shared sources</Filter>
    </ClCompile>
    <ClCompile Include="C:\Users\ilias\AppData\Local\VisualGDB\EmbeddedBSPs\arm-eabi\com.sysprogs.arm.nordic.nrf5x\nRF5x\components\libraries\queue\nrf_queue.c">
      <Filter>Source files\Shared sources</Filter>
    </ClCompile>
    <ClCompile Include="C:\Users\ilias\AppData\Local\VisualGDB\EmbeddedBSPs\arm-eabi\com.sysprogs.arm.nordic.nrf5x\nRF5x\components\libraries\strerror\nrf_strerror.c">
      <Filter>Source files\Shared sources</Filter>
    </ClCompile>
    <ClCompile Include="C:\Users\ilias\AppData\Local\VisualGDB\EmbeddedBSPs\arm-eabi\com.sysprogs.arm.nordic.nrf5x\nRF5x\components\libraries\usbd\app_usbd.c">
      <Filter>Source files\Shared sources</Filter>
    </ClCompile>
    <ClCompile Include="C:\Users\ilias\AppData\Local\VisualGDB\EmbeddedBSPs\arm-eabi\com.sysprogs.arm.nordic.nrf5x\nRF5x\components\libraries\usbd\app_usbd_core.c">
      <Filter>Source files\Shared sources</Filter>
    </ClCompile>
    <ClCompile Include="C:\Users\ilias\AppData\Local\VisualGDB\EmbeddedBSPs\arm-eabi\com.sysprogs.arm.nordic.nrf5x\nRF5x\components\libraries\usbd\app_usbd_string_desc.c">
      <Filter>Source files\Shared sources</Filter>
    </ClCompile>
    <ClCompile Include="C:\Users\ilias\AppData\Local\VisualGDB\EmbeddedBSPs\arm-eabi\com.sysprogs.arm.nordic.nrf5x\nRF5x\components\drivers_nrf\clock\nrf_drv_clock.c">
      <Filter>Source files\Shared sources</Filter>
    </ClCompile>
    <ClCompile Include="C:\Users\ilias\AppData\Local\VisualGDB\EmbeddedBSPs\arm-eabi\com.sysprogs.arm.nordic.nrf5x\nRF5x\components\drivers_nrf\common\nrf_drv_common.c">
      <Filter>Source files\Shared sources</Filter>
    </ClCompile>
    <ClCompile Include="C:\Users\ilias\AppData\Local\VisualGDB\EmbeddedBSPs\arm-eabi\com.sysprogs.arm.nordic.nrf5x\nRF5x\components\drivers_nrf\gpiote\nrf_drv_gpiote.c">
      <Filter>Source files\Shared sources</Filter>
    </ClCompile>
    <ClCompile Include="C:\Users\ilias\AppData\Local\VisualGDB\EmbeddedBSPs\arm-eabi\com.sysprogs.arm.nordic.nrf5x\nRF5x\components\drivers_nrf\power\nrf_drv_power.c">
      <Filter>Source files\Shared sources</Filter>
    </ClCompile>
    <ClCompile Include="C:\Users\ilias\AppData\Local\VisualGDB\EmbeddedBSPs\arm-eabi\com.sysprogs.arm.nordic.nrf5x\nRF5x\components\drivers_nrf\systick\nrf_drv_systick.c">
      <Filter>Source files\Shared sources</Filter>
    </ClCompile>
    <ClCompile Include="C:\Users\ilias\AppData\Local\VisualGDB\EmbeddedBSPs\arm-eabi\com.sysprogs.arm.nordic.nrf5x\nRF5x\components\drivers_nrf\uart\nrf_drv_uart.c">
      <Filter>Source files\Shared sources</Filter>
    </ClCompile>
    <ClCompile Include="C:\Users\ilias\AppData\Local\VisualGDB\EmbeddedBSPs\arm-eabi\com.sysprogs.arm.nordic.nrf5x\nRF5x\components\drivers_nrf\usbd\nrf_drv_usbd.c">
      <Filter>Source files\Shared sources</Filter>
    </ClCompile>
    <ClCompile Include="C:\Users\ilias\AppData\Local\VisualGDB\EmbeddedBSPs\arm-eabi\com.sysprogs.arm.nordic.nrf5x\nRF5x\components\drivers_nrf\nrf_soc_nosd\nrf_nvic.c">
      <Filter>Source files\Shared sources</Filter>
    </ClCompile>
    <ClCompile Include="C:\Users\ilias\AppData\Local\VisualGDB\EmbeddedBSPs\arm-eabi\com.sysprogs.arm.nordic.nrf5x\nRF5x\components\drivers_nrf\nrf_soc_nosd\nrf_soc.c">
      <Filter>Source files\Shared sources</Filter>
    </ClCompile>
    <ClCompile Include="C:\Users\ilias\AppData\Local\VisualGDB\EmbeddedBSPs\arm-eabi\com.sysprogs.arm.nordic.nrf5x\nRF5x\components\libraries\bsp\bsp.c">
      <Filter>Source files\Shared sources</Filter>
    </ClCompile>
    <ClCompile Include="C:\Users\ilias\AppData\Local\VisualGDB\EmbeddedBSPs\arm-eabi\com.sysprogs.arm.nordic.nrf5x\nRF5x\components\libraries\bsp\bsp_nfc.c">
      <Filter>Source files\Shared sources</Filter>
    </ClCompile>
    <ClCompile Include="C:\Users\ilias\AppData\Local\VisualGDB\EmbeddedBSPs\arm-eabi\com.sysprogs.arm.nordic.nrf5x\nRF5x\external\segger_rtt\RTT_Syscalls_GCC.c">
      <Filter>Source files\Shared sources</Filter>
    </ClCompile>
    <ClCompile Include="C:\Users\ilias\AppData\Local\VisualGDB\EmbeddedBSPs\arm-eabi\com.sysprogs.arm.nordic.nrf5x\nRF5x\external\segger_rtt\SEGGER_RTT.c">
      <Filter>Source files\Shared sources</Filter>
    </ClCompile>
    <ClCompile Include="C:\Users\ilias\AppData\Local\VisualGDB\EmbeddedBSPs\arm-eabi\com.sysprogs.arm.nordic.nrf5x\nRF5x\external\segger_rtt\SEGGER_RTT_printf.c">
      <Filter>Source files\Shared sources</Filter>
    </ClCompile>
    <ClCompile Include="C:\Users\ilias\AppData\Local\VisualGDB\EmbeddedBSPs\arm-eabi\com.sysprogs.arm.nordic.nrf5x\nRF5x\components\toolchain\system_nrf52840.c">
      <Filter>Source files\Device-specific files</Filter>
    </ClCompile>
    <ClCompile Include="C:\Users\ilias\AppData\Local\VisualGDB\EmbeddedBSPs\arm-eabi\com.sysprogs.arm.nordic.nrf5x\nRF5x\components\softdevice\common\softdevice_handler\softdevice_handler.c">
      <Filter>Source files\Device-specific files</Filter>
    </ClCompile>
    <ClCompile Include="C:\Users\ilias\AppData\Local\VisualGDB\EmbeddedBSPs\arm-eabi\com.sysprogs.arm.nordic.nrf5x\nRF5x\StartupFiles\startup_nRF52x.c">
      <Filter>Source files\Device-specific files</Filter>
    </ClCompile>
  </ItemGroup>
  <ItemGroup>
    <ClInclude Include="config\app_usbd_string_config.h">
      <Filter>Header files\config</Filter>
    </ClInclude>
    <ClInclude Include="pca10056\blank\config\sdk_config.h">
      <Filter>Header files\pca10056\blank\config</Filter>
    </ClInclude>
    <ClInclude Include="C:\Users\ilias\AppData\Local\VisualGDB\EmbeddedBSPs\arm-eabi\com.sysprogs.arm.nordic.nrf5x\nRF5x\components\toolchain\system_nrf51.h">
      <Filter>Header files\Device-specific files</Filter>
    </ClInclude>
    <ClInclude Include="C:\Users\ilias\AppData\Local\VisualGDB\EmbeddedBSPs\arm-eabi\com.sysprogs.arm.nordic.nrf5x\nRF5x\components\toolchain\system_nrf52.h">
      <Filter>Header files\Device-specific files</Filter>
    </ClInclude>
    <ClInclude Include="C:\Users\ilias\AppData\Local\VisualGDB\EmbeddedBSPs\arm-eabi\com.sysprogs.arm.nordic.nrf5x\nRF5x\components\toolchain\system_nrf52840.h">
      <Filter>Header files\Device-specific files</Filter>
    </ClInclude>
    <ClInclude Include="C:\Users\ilias\AppData\Local\VisualGDB\EmbeddedBSPs\arm-eabi\com.sysprogs.arm.nordic.nrf5x\nRF5x\components\toolchain\cmsis\include\arm_common_tables.h">
      <Filter>Header files\Device-specific files</Filter>
    </ClInclude>
    <ClInclude Include="C:\Users\ilias\AppData\Local\VisualGDB\EmbeddedBSPs\arm-eabi\com.sysprogs.arm.nordic.nrf5x\nRF5x\components\toolchain\cmsis\include\arm_const_structs.h">
      <Filter>Header files\Device-specific files</Filter>
    </ClInclude>
    <ClInclude Include="C:\Users\ilias\AppData\Local\VisualGDB\EmbeddedBSPs\arm-eabi\com.sysprogs.arm.nordic.nrf5x\nRF5x\components\toolchain\cmsis\include\arm_math.h">
      <Filter>Header files\Device-specific files</Filter>
    </ClInclude>
    <ClInclude Include="C:\Users\ilias\AppData\Local\VisualGDB\EmbeddedBSPs\arm-eabi\com.sysprogs.arm.nordic.nrf5x\nRF5x\components\toolchain\cmsis\include\cmsis_armcc.h">
      <Filter>Header files\Device-specific files</Filter>
    </ClInclude>
    <ClInclude Include="C:\Users\ilias\AppData\Local\VisualGDB\EmbeddedBSPs\arm-eabi\com.sysprogs.arm.nordic.nrf5x\nRF5x\components\toolchain\cmsis\include\cmsis_armcc_V6.h">
      <Filter>Header files\Device-specific files</Filter>
    </ClInclude>
    <ClInclude Include="C:\Users\ilias\AppData\Local\VisualGDB\EmbeddedBSPs\arm-eabi\com.sysprogs.arm.nordic.nrf5x\nRF5x\components\toolchain\cmsis\include\cmsis_gcc.h">
      <Filter>Header files\Device-specific files</Filter>
    </ClInclude>
    <ClInclude Include="C:\Users\ilias\AppData\Local\VisualGDB\EmbeddedBSPs\arm-eabi\com.sysprogs.arm.nordic.nrf5x\nRF5x\components\toolchain\cmsis\include\core_cm0.h">
      <Filter>Header files\Device-specific files</Filter>
    </ClInclude>
    <ClInclude Include="C:\Users\ilias\AppData\Local\VisualGDB\EmbeddedBSPs\arm-eabi\com.sysprogs.arm.nordic.nrf5x\nRF5x\components\toolchain\cmsis\include\core_cm0plus.h">
      <Filter>Header files\Device-specific files</Filter>
    </ClInclude>
    <ClInclude Include="C:\Users\ilias\AppData\Local\VisualGDB\EmbeddedBSPs\arm-eabi\com.sysprogs.arm.nordic.nrf5x\nRF5x\components\toolchain\cmsis\include\core_cm3.h">
      <Filter>Header files\Device-specific files</Filter>
    </ClInclude>
    <ClInclude Include="C:\Users\ilias\AppData\Local\VisualGDB\EmbeddedBSPs\arm-eabi\com.sysprogs.arm.nordic.nrf5x\nRF5x\components\toolchain\cmsis\include\core_cm4.h">
      <Filter>Header files\Device-specific files</Filter>
    </ClInclude>
    <ClInclude Include="C:\Users\ilias\AppData\Local\VisualGDB\EmbeddedBSPs\arm-eabi\com.sysprogs.arm.nordic.nrf5x\nRF5x\components\toolchain\cmsis\include\core_cm7.h">
      <Filter>Header files\Device-specific files</Filter>
    </ClInclude>
    <ClInclude Include="C:\Users\ilias\AppData\Local\VisualGDB\EmbeddedBSPs\arm-eabi\com.sysprogs.arm.nordic.nrf5x\nRF5x\components\toolchain\cmsis\include\core_cmFunc.h">
      <Filter>Header files\Device-specific files</Filter>
    </ClInclude>
    <ClInclude Include="C:\Users\ilias\AppData\Local\VisualGDB\EmbeddedBSPs\arm-eabi\com.sysprogs.arm.nordic.nrf5x\nRF5x\components\toolchain\cmsis\include\core_cmInstr.h">
      <Filter>Header files\Device-specific files</Filter>
    </ClInclude>
    <ClInclude Include="C:\Users\ilias\AppData\Local\VisualGDB\EmbeddedBSPs\arm-eabi\com.sysprogs.arm.nordic.nrf5x\nRF5x\components\toolchain\cmsis\include\core_cmSimd.h">
      <Filter>Header files\Device-specific files</Filter>
    </ClInclude>
    <ClInclude Include="C:\Users\ilias\AppData\Local\VisualGDB\EmbeddedBSPs\arm-eabi\com.sysprogs.arm.nordic.nrf5x\nRF5x\components\toolchain\cmsis\include\core_sc000.h">
      <Filter>Header files\Device-specific files</Filter>
    </ClInclude>
    <ClInclude Include="C:\Users\ilias\AppData\Local\VisualGDB\EmbeddedBSPs\arm-eabi\com.sysprogs.arm.nordic.nrf5x\nRF5x\components\toolchain\cmsis\include\core_sc300.h">
      <Filter>Header files\Device-specific files</Filter>
    </ClInclude>
    <ClInclude Include="C:\Users\ilias\AppData\Local\VisualGDB\EmbeddedBSPs\arm-eabi\com.sysprogs.arm.nordic.nrf5x\nRF5x\components\device\compiler_abstraction.h">
      <Filter>Header files\Device-specific files</Filter>
    </ClInclude>
    <ClInclude Include="C:\Users\ilias\AppData\Local\VisualGDB\EmbeddedBSPs\arm-eabi\com.sysprogs.arm.nordic.nrf5x\nRF5x\components\device\nrf.h">
      <Filter>Header files\Device-specific files</Filter>
    </ClInclude>
    <ClInclude Include="C:\Users\ilias\AppData\Local\VisualGDB\EmbeddedBSPs\arm-eabi\com.sysprogs.arm.nordic.nrf5x\nRF5x\components\device\nrf51.h">
      <Filter>Header files\Device-specific files</Filter>
    </ClInclude>
    <ClInclude Include="C:\Users\ilias\AppData\Local\VisualGDB\EmbeddedBSPs\arm-eabi\com.sysprogs.arm.nordic.nrf5x\nRF5x\components\device\nrf51422_peripherals.h">
      <Filter>Header files\Device-specific files</Filter>
    </ClInclude>
    <ClInclude Include="C:\Users\ilias\AppData\Local\VisualGDB\EmbeddedBSPs\arm-eabi\com.sysprogs.arm.nordic.nrf5x\nRF5x\components\device\nrf51802_peripherals.h">
      <Filter>Header files\Device-specific files</Filter>
    </ClInclude>
    <ClInclude Include="C:\Users\ilias\AppData\Local\VisualGDB\EmbeddedBSPs\arm-eabi\com.sysprogs.arm.nordic.nrf5x\nRF5x\components\device\nrf51822_peripherals.h">
      <Filter>Header files\Device-specific files</Filter>
    </ClInclude>
    <ClInclude Include="C:\Users\ilias\AppData\Local\VisualGDB\EmbeddedBSPs\arm-eabi\com.sysprogs.arm.nordic.nrf5x\nRF5x\components\device\nrf51_bitfields.h">
      <Filter>Header files\Device-specific files</Filter>
    </ClInclude>
    <ClInclude Include="C:\Users\ilias\AppData\Local\VisualGDB\EmbeddedBSPs\arm-eabi\com.sysprogs.arm.nordic.nrf5x\nRF5x\components\device\nrf51_deprecated.h">
      <Filter>Header files\Device-specific files</Filter>
    </ClInclude>
    <ClInclude Include="C:\Users\ilias\AppData\Local\VisualGDB\EmbeddedBSPs\arm-eabi\com.sysprogs.arm.nordic.nrf5x\nRF5x\components\device\nrf51_to_nrf52.h">
      <Filter>Header files\Device-specific files</Filter>
    </ClInclude>
    <ClInclude Include="C:\Users\ilias\AppData\Local\VisualGDB\EmbeddedBSPs\arm-eabi\com.sysprogs.arm.nordic.nrf5x\nRF5x\components\device\nrf51_to_nrf52840.h">
      <Filter>Header files\Device-specific files</Filter>
    </ClInclude>
    <ClInclude Include="C:\Users\ilias\AppData\Local\VisualGDB\EmbeddedBSPs\arm-eabi\com.sysprogs.arm.nordic.nrf5x\nRF5x\components\device\nrf52.h">
      <Filter>Header files\Device-specific files</Filter>
    </ClInclude>
    <ClInclude Include="C:\Users\ilias\AppData\Local\VisualGDB\EmbeddedBSPs\arm-eabi\com.sysprogs.arm.nordic.nrf5x\nRF5x\components\device\nrf52832_peripherals.h">
      <Filter>Header files\Device-specific files</Filter>
    </ClInclude>
    <ClInclude Include="C:\Users\ilias\AppData\Local\VisualGDB\EmbeddedBSPs\arm-eabi\com.sysprogs.arm.nordic.nrf5x\nRF5x\components\device\nrf52840.h">
      <Filter>Header files\Device-specific files</Filter>
    </ClInclude>
    <ClInclude Include="C:\Users\ilias\AppData\Local\VisualGDB\EmbeddedBSPs\arm-eabi\com.sysprogs.arm.nordic.nrf5x\nRF5x\components\device\nrf52840_bitfields.h">
      <Filter>Header files\Device-specific files</Filter>
    </ClInclude>
    <ClInclude Include="C:\Users\ilias\AppData\Local\VisualGDB\EmbeddedBSPs\arm-eabi\com.sysprogs.arm.nordic.nrf5x\nRF5x\components\device\nrf52840_peripherals.h">
      <Filter>Header files\Device-specific files</Filter>
    </ClInclude>
    <ClInclude Include="C:\Users\ilias\AppData\Local\VisualGDB\EmbeddedBSPs\arm-eabi\com.sysprogs.arm.nordic.nrf5x\nRF5x\components\device\nrf52_bitfields.h">
      <Filter>Header files\Device-specific files</Filter>
    </ClInclude>
    <ClInclude Include="C:\Users\ilias\AppData\Local\VisualGDB\EmbeddedBSPs\arm-eabi\com.sysprogs.arm.nordic.nrf5x\nRF5x\components\device\nrf52_name_change.h">
      <Filter>Header files\Device-specific files</Filter>
    </ClInclude>
    <ClInclude Include="C:\Users\ilias\AppData\Local\VisualGDB\EmbeddedBSPs\arm-eabi\com.sysprogs.arm.nordic.nrf5x\nRF5x\components\device\nrf52_to_nrf52840.h">
      <Filter>Header files\Device-specific files</Filter>
    </ClInclude>
    <ClInclude Include="C:\Users\ilias\AppData\Local\VisualGDB\EmbeddedBSPs\arm-eabi\com.sysprogs.arm.nordic.nrf5x\nRF5x\components\softdevice\common\softdevice_handler\ant_stack_handler_types.h">
      <Filter>Header files\Device-specific files</Filter>
    </ClInclude>
    <ClInclude Include="C:\Users\ilias\AppData\Local\VisualGDB\EmbeddedBSPs\arm-eabi\com.sysprogs.arm.nordic.nrf5x\nRF5x\components\softdevice\common\softdevice_handler\ble_stack_handler_types.h">
      <Filter>Header files\Device-specific files</Filter>
    </ClInclude>
    <ClInclude Include="C:\Users\ilias\AppData\Local\VisualGDB\EmbeddedBSPs\arm-eabi\com.sysprogs.arm.nordic.nrf5x\nRF5x\components\softdevice\common\softdevice_handler\softdevice_handler.h">
      <Filter>Header files\Device-specific files</Filter>
    </ClInclude>
  </ItemGroup>
  <ItemGroup>
    <None Include="USB_HID_Generic_VisualGDB-Debug.vgdbsettings">
      <Filter>VisualGDB settings</Filter>
    </None>
    <None Include="USB_HID_Generic_VisualGDB-Release.vgdbsettings">
      <Filter>VisualGDB settings</Filter>
    </None>
    <None Include="nrf5x.props">
      <Filter>Source files\Device-specific files</Filter>
    </None>
  </ItemGroup>
  <ItemGroup>
    <Xml Include="nrf5x.xml">
      <Filter>VisualGDB settings</Filter>
    </Xml>
  </ItemGroup>
</Project>